
Microsoft Visual Studio Solution File, Format Version 12.00
# Visual Studio Version 16
VisualStudioVersion = 16.0.30011.22
MinimumVisualStudioVersion = 10.0.40219.1
Project("{9092AA53-FB77-4645-B42D-1CCCA6BD08BD}") = "Interval_3", "Interval_3\Interval_3.njsproj", "{F7B21646-C9B5-4C7D-AB98-3FF818B97AD7}"
EndProject
Global
	GlobalSection(SolutionConfigurationPlatforms) = preSolution
		Debug|Any CPU = Debug|Any CPU
		Release|Any CPU = Release|Any CPU
	EndGlobalSection
	GlobalSection(ProjectConfigurationPlatforms) = postSolution
		{F7B21646-C9B5-4C7D-AB98-3FF818B97AD7}.Debug|Any CPU.ActiveCfg = Debug|Any CPU
		{F7B21646-C9B5-4C7D-AB98-3FF818B97AD7}.Debug|Any CPU.Build.0 = Debug|Any CPU
		{F7B21646-C9B5-4C7D-AB98-3FF818B97AD7}.Release|Any CPU.ActiveCfg = Release|Any CPU
		{F7B21646-C9B5-4C7D-AB98-3FF818B97AD7}.Release|Any CPU.Build.0 = Release|Any CPU
	EndGlobalSection
	GlobalSection(SolutionProperties) = preSolution
		HideSolutionNode = FALSE
	EndGlobalSection
	GlobalSection(ExtensibilityGlobals) = postSolution
		SolutionGuid = {F6253D6F-CFFB-4500-A130-C7E5FC7F7ECE}
	EndGlobalSection
EndGlobal
